
Microsoft Visual Studio Solution File, Format Version 12.00
# Visual Studio Version 16
VisualStudioVersion = 16.0.30002.166
MinimumVisualStudioVersion = 10.0.40219.1
Project("{FAE04EC0-301F-11D3-BF4B-00C04F79EFBC}") = "IdentityServer.Mvc.UI", "IdentityServer.Mvc.UI.csproj", "{2FF799B5-1B38-4AB8-9DBF-B1DA9EF6F5D1}"
EndProject
Project("{FAE04EC0-301F-11D3-BF4B-00C04F79EFBC}") = "IdentityServer.Mvc.UI.Services", "..\IdentityServer.Mvc.UI.Services\IdentityServer.Mvc.UI.Services.csproj", "{B44A1AE5-90AD-4A53-8729-6026D0D6576A}"
EndProject
Project("{FAE04EC0-301F-11D3-BF4B-00C04F79EFBC}") = "IdentityServer.MVC.UI.Domain", "..\IdentityServer.MVC.UI.Domain\IdentityServer.MVC.UI.Domain.csproj", "{13C9041A-F488-4586-9F13-1814CCA4058D}"
EndProject
Global
	GlobalSection(SolutionConfigurationPlatforms) = preSolution
		Debug|Any CPU = Debug|Any CPU
		Release|Any CPU = Release|Any CPU
	EndGlobalSection
	GlobalSection(ProjectConfigurationPlatforms) = postSolution
		{2FF799B5-1B38-4AB8-9DBF-B1DA9EF6F5D1}.Debug|Any CPU.ActiveCfg = Debug|Any CPU
		{2FF799B5-1B38-4AB8-9DBF-B1DA9EF6F5D1}.Debug|Any CPU.Build.0 = Debug|Any CPU
		{2FF799B5-1B38-4AB8-9DBF-B1DA9EF6F5D1}.Release|Any CPU.ActiveCfg = Release|Any CPU
		{2FF799B5-1B38-4AB8-9DBF-B1DA9EF6F5D1}.Release|Any CPU.Build.0 = Release|Any CPU
		{B44A1AE5-90AD-4A53-8729-6026D0D6576A}.Debug|Any CPU.ActiveCfg = Debug|Any CPU
		{B44A1AE5-90AD-4A53-8729-6026D0D6576A}.Debug|Any CPU.Build.0 = Debug|Any CPU
		{B44A1AE5-90AD-4A53-8729-6026D0D6576A}.Release|Any CPU.ActiveCfg = Release|Any CPU
		{B44A1AE5-90AD-4A53-8729-6026D0D6576A}.Release|Any CPU.Build.0 = Release|Any CPU
		{13C9041A-F488-4586-9F13-1814CCA4058D}.Debug|Any CPU.ActiveCfg = Debug|Any CPU
		{13C9041A-F488-4586-9F13-1814CCA4058D}.Debug|Any CPU.Build.0 = Debug|Any CPU
		{13C9041A-F488-4586-9F13-1814CCA4058D}.Release|Any CPU.ActiveCfg = Release|Any CPU
		{13C9041A-F488-4586-9F13-1814CCA4058D}.Release|Any CPU.Build.0 = Release|Any CPU
	EndGlobalSection
	GlobalSection(SolutionProperties) = preSolution
		HideSolutionNode = FALSE
	EndGlobalSection
	GlobalSection(ExtensibilityGlobals) = postSolution
		SolutionGuid = {C7915DB5-8F0A-4012-B776-C8BEE7213F4D}
	EndGlobalSection
EndGlobal
